
Microsoft Visual Studio Solution File, Format Version 12.00
# Visual Studio Version 16
VisualStudioVersion = 25.0.1706.1
MinimumVisualStudioVersion = 10.0.40219.1
Project("{FAE04EC0-301F-11D3-BF4B-00C04F79EFBC}") = "WebAPI_FinanceChecker_bal_trans", "WebAPI_FinanceChecker_bal_trans\WebAPI_FinanceChecker_bal_trans.csproj", "{74659048-B6F6-42AF-AD43-1FD8C15B5426}"
EndProject
Global
	GlobalSection(SolutionConfigurationPlatforms) = preSolution
		Debug|Any CPU = Debug|Any CPU
		Release|Any CPU = Release|Any CPU
	EndGlobalSection
	GlobalSection(ProjectConfigurationPlatforms) = postSolution
		{74659048-B6F6-42AF-AD43-1FD8C15B5426}.Debug|Any CPU.ActiveCfg = Debug|Any CPU
		{74659048-B6F6-42AF-AD43-1FD8C15B5426}.Debug|Any CPU.Build.0 = Debug|Any CPU
		{74659048-B6F6-42AF-AD43-1FD8C15B5426}.Release|Any CPU.ActiveCfg = Release|Any CPU
		{74659048-B6F6-42AF-AD43-1FD8C15B5426}.Release|Any CPU.Build.0 = Release|Any CPU
	EndGlobalSection
	GlobalSection(SolutionProperties) = preSolution
		HideSolutionNode = FALSE
	EndGlobalSection
	GlobalSection(ExtensibilityGlobals) = postSolution
		SolutionGuid = {442397F7-B0AE-4F11-AD63-67831DB09B73}
	EndGlobalSection
EndGlobal
